
Microsoft Visual Studio Solution File, Format Version 11.00
# Visual C# Express 2010
Project("{FAE04EC0-301F-11D3-BF4B-00C04F79EFBC}") = "GitTest", "GitTest\GitTest.csproj", "{DCFE7FFE-0EF7-4700-8B38-B8C301E19863}"
EndProject
Global
	GlobalSection(SolutionConfigurationPlatforms) = preSolution
		Debug|x86 = Debug|x86
		Release|x86 = Release|x86
	EndGlobalSection
	GlobalSection(ProjectConfigurationPlatforms) = postSolution
		{DCFE7FFE-0EF7-4700-8B38-B8C301E19863}.Debug|x86.ActiveCfg = Debug|x86
		{DCFE7FFE-0EF7-4700-8B38-B8C301E19863}.Debug|x86.Build.0 = Debug|x86
		{DCFE7FFE-0EF7-4700-8B38-B8C301E19863}.Release|x86.ActiveCfg = Release|x86
		{DCFE7FFE-0EF7-4700-8B38-B8C301E19863}.Release|x86.Build.0 = Release|x86
	EndGlobalSection
	GlobalSection(SolutionProperties) = preSolution
		HideSolutionNode = FALSE
	EndGlobalSection
EndGlobal
